github.com/libdns/libdns v0.2.2 h1:O6ws7bAfRPaBsgAYt8MDe2HcNBGC29hkZ9MX2eUSX3s=
github.com/libdns/libdns v0.2.2/go.mod h1:4Bj9+5CQiNMVGf87wjX4CY3HQJypUHRuLvlsfsZqLWQ=
github.com/libdns/libdns v1.0.0 h1:IvYaz07JNz6jUQ4h/fv2R4sVnRnm77J/aOuC9B+TQTA=
github.com/libdns/libdns v1.0.0/go.mod h1:4Bj9+5CQiNMVGf87wjX4CY3HQJypUHRuLvlsfsZqLWQ=
github.com/libdns/libdns v1.1.0 h1:9ze/tWvt7Df6sbhOJRB8jT33GHEHpEQXdtkE3hPthbU=
github.com/libdns/libdns v1.1.0/go.mod h1:4Bj9+5CQiNMVGf87wjX4CY3HQJypUHRuLvlsfsZqLWQ=
